
Microsoft Visual Studio Solution File, Format Version 12.00
# Visual Studio Version 16
VisualStudioVersion = 16.0.30717.126
MinimumVisualStudioVersion = 10.0.40219.1
Project("{9A19103F-16F7-4668-BE54-9A1E7A4F7556}") = "Web", "WebProjectTemplate\Web.csproj", "{4943F100-3877-4F12-89F9-36581206B24E}"
EndProject
Project("{9A19103F-16F7-4668-BE54-9A1E7A4F7556}") = "ModuleProject", "ModuleProjectTemplate\ModuleProject.csproj", "{D6ECF457-5639-457E-A179-7413A3CD235B}"
EndProject
Global
	GlobalSection(SolutionConfigurationPlatforms) = preSolution
		Debug|Any CPU = Debug|Any CPU
		Release|Any CPU = Release|Any CPU
	EndGlobalSection
	GlobalSection(ProjectConfigurationPlatforms) = postSolution
		{4943F100-3877-4F12-89F9-36581206B24E}.Debug|Any CPU.ActiveCfg = Debug|Any CPU
		{4943F100-3877-4F12-89F9-36581206B24E}.Debug|Any CPU.Build.0 = Debug|Any CPU
		{4943F100-3877-4F12-89F9-36581206B24E}.Release|Any CPU.ActiveCfg = Release|Any CPU
		{4943F100-3877-4F12-89F9-36581206B24E}.Release|Any CPU.Build.0 = Release|Any CPU
		{D6ECF457-5639-457E-A179-7413A3CD235B}.Debug|Any CPU.ActiveCfg = Debug|Any CPU
		{D6ECF457-5639-457E-A179-7413A3CD235B}.Debug|Any CPU.Build.0 = Debug|Any CPU
		{D6ECF457-5639-457E-A179-7413A3CD235B}.Release|Any CPU.ActiveCfg = Release|Any CPU
		{D6ECF457-5639-457E-A179-7413A3CD235B}.Release|Any CPU.Build.0 = Release|Any CPU
	EndGlobalSection
	GlobalSection(SolutionProperties) = preSolution
		HideSolutionNode = FALSE
	EndGlobalSection
	GlobalSection(ExtensibilityGlobals) = postSolution
		SolutionGuid = {33417AB0-588C-4888-9470-2DECE33EE42F}
	EndGlobalSection
EndGlobal
